
Microsoft Visual Studio Solution File, Format Version 12.00
# Visual Studio Version 17
VisualStudioVersion = 17.4.33122.133
MinimumVisualStudioVersion = 10.0.40219.1
Project("{FAE04EC0-301F-11D3-BF4B-00C04F79EFBC}") = "Contratos", "Contratos\Contratos.csproj", "{74C623F2-1117-45CF-893C-D3BED20BB6AA}"
EndProject
Global
	GlobalSection(SolutionConfigurationPlatforms) = preSolution
		Debug|Any CPU = Debug|Any CPU
		Release|Any CPU = Release|Any CPU
	EndGlobalSection
	GlobalSection(ProjectConfigurationPlatforms) = postSolution
		{74C623F2-1117-45CF-893C-D3BED20BB6AA}.Debug|Any CPU.ActiveCfg = Debug|Any CPU
		{74C623F2-1117-45CF-893C-D3BED20BB6AA}.Debug|Any CPU.Build.0 = Debug|Any CPU
		{74C623F2-1117-45CF-893C-D3BED20BB6AA}.Release|Any CPU.ActiveCfg = Release|Any CPU
		{74C623F2-1117-45CF-893C-D3BED20BB6AA}.Release|Any CPU.Build.0 = Release|Any CPU
	EndGlobalSection
	GlobalSection(SolutionProperties) = preSolution
		HideSolutionNode = FALSE
	EndGlobalSection
	GlobalSection(ExtensibilityGlobals) = postSolution
		SolutionGuid = {59C76287-E039-46D6-A98F-36A272F9BFE9}
	EndGlobalSection
EndGlobal
