
Microsoft Visual Studio Solution File, Format Version 12.00
# Visual Studio Version 17
VisualStudioVersion = 17.4.33122.133
MinimumVisualStudioVersion = 10.0.40219.1
Project("{FAE04EC0-301F-11D3-BF4B-00C04F79EFBC}") = "ProjetoComments", "ProjetoComments\ProjetoComments.csproj", "{157DC748-44DB-4627-9AF6-358840F834AB}"
EndProject
Global
	GlobalSection(SolutionConfigurationPlatforms) = preSolution
		Debug|Any CPU = Debug|Any CPU
		Release|Any CPU = Release|Any CPU
	EndGlobalSection
	GlobalSection(ProjectConfigurationPlatforms) = postSolution
		{157DC748-44DB-4627-9AF6-358840F834AB}.Debug|Any CPU.ActiveCfg = Debug|Any CPU
		{157DC748-44DB-4627-9AF6-358840F834AB}.Debug|Any CPU.Build.0 = Debug|Any CPU
		{157DC748-44DB-4627-9AF6-358840F834AB}.Release|Any CPU.ActiveCfg = Release|Any CPU
		{157DC748-44DB-4627-9AF6-358840F834AB}.Release|Any CPU.Build.0 = Release|Any CPU
	EndGlobalSection
	GlobalSection(SolutionProperties) = preSolution
		HideSolutionNode = FALSE
	EndGlobalSection
	GlobalSection(ExtensibilityGlobals) = postSolution
		SolutionGuid = {6C07D16A-20D4-446E-8D59-557CAE12E201}
	EndGlobalSection
EndGlobal
