
Microsoft Visual Studio Solution File, Format Version 12.00
# Visual Studio Version 17
VisualStudioVersion = 17.4.33122.133
MinimumVisualStudioVersion = 10.0.40219.1
Project("{FAE04EC0-301F-11D3-BF4B-00C04F79EFBC}") = "Interface", "Interface\Interface.csproj", "{D261CBCD-C432-4CC6-885C-A9E1116F1174}"
EndProject
Global
	GlobalSection(SolutionConfigurationPlatforms) = preSolution
		Debug|Any CPU = Debug|Any CPU
		Release|Any CPU = Release|Any CPU
	EndGlobalSection
	GlobalSection(ProjectConfigurationPlatforms) = postSolution
		{D261CBCD-C432-4CC6-885C-A9E1116F1174}.Debug|Any CPU.ActiveCfg = Debug|Any CPU
		{D261CBCD-C432-4CC6-885C-A9E1116F1174}.Debug|Any CPU.Build.0 = Debug|Any CPU
		{D261CBCD-C432-4CC6-885C-A9E1116F1174}.Release|Any CPU.ActiveCfg = Release|Any CPU
		{D261CBCD-C432-4CC6-885C-A9E1116F1174}.Release|Any CPU.Build.0 = Release|Any CPU
	EndGlobalSection
	GlobalSection(SolutionProperties) = preSolution
		HideSolutionNode = FALSE
	EndGlobalSection
	GlobalSection(ExtensibilityGlobals) = postSolution
		SolutionGuid = {8859DA60-D99A-45B3-A145-4C0A92C16B6F}
	EndGlobalSection
EndGlobal
